
Microsoft Visual Studio Solution File, Format Version 12.00
# Visual Studio 15
VisualStudioVersion = 15.0.28307.168
MinimumVisualStudioVersion = 10.0.40219.1
Project("{2150E333-8FDC-42A3-9474-1A3956D46DE8}") = "Documentation", "Documentation", "{50EC13FA-CF03-47AF-BA3D-DDC8CCF747E7}"
EndProject
Project("{2150E333-8FDC-42A3-9474-1A3956D46DE8}") = "Src", "Src", "{CCAEA790-D09A-4636-80EC-74B016F0C507}"
EndProject
Project("{2150E333-8FDC-42A3-9474-1A3956D46DE8}") = "Core", "Core", "{0E45168E-AB41-4F8D-BF1E-23E637755187}"
EndProject
Project("{9A19103F-16F7-4668-BE54-9A1E7A4F7556}") = "BmsSurvey.Application", "BmsSurvey.Application\BmsSurvey.Application.csproj", "{1301200B-A868-4E21-9DD6-BE748AF5B217}"
EndProject
Project("{9A19103F-16F7-4668-BE54-9A1E7A4F7556}") = "BmsSurvey.Domain", "BmsSurvey.Domain\BmsSurvey.Domain.csproj", "{87633F41-A7D1-4273-BF16-F173CD495A04}"
EndProject
Project("{2150E333-8FDC-42A3-9474-1A3956D46DE8}") = "Infrastructure", "Infrastructure", "{8A4B05D7-6BFD-4101-80FD-6DD7C7432C40}"
EndProject
Project("{9A19103F-16F7-4668-BE54-9A1E7A4F7556}") = "BmsSurvey.Persistence", "BmsSurvey.Persistence\BmsSurvey.Persistence.csproj", "{576E9987-F7B9-4A8D-BE9C-702C901CB2F0}"
EndProject
Project("{9A19103F-16F7-4668-BE54-9A1E7A4F7556}") = "BmsSurvey.Infrastructure", "BmsSurvey.Infrastructure\BmsSurvey.Infrastructure.csproj", "{7BC6C3F0-27F4-491E-B011-E1018E2A41AF}"
EndProject
Project("{2150E333-8FDC-42A3-9474-1A3956D46DE8}") = "Common", "Common", "{9DE48111-8068-459A-A757-78153A01209E}"
EndProject
Project("{9A19103F-16F7-4668-BE54-9A1E7A4F7556}") = "BmsSurvey.Common", "BmsSurvey.Common\BmsSurvey.Common.csproj", "{F2305257-8AAF-43A9-B8F0-C721C5AEB100}"
EndProject
Project("{2150E333-8FDC-42A3-9474-1A3956D46DE8}") = "Presentation", "Presentation", "{64C169EA-B7D2-4996-B931-5097D95FA80D}"
EndProject
Project("{9A19103F-16F7-4668-BE54-9A1E7A4F7556}") = "BmsSurvey.WebApp", "BmsSurvey.WebApp\BmsSurvey.WebApp.csproj", "{6820435D-60C5-494E-82F0-4BF16C3FD549}"
EndProject
Project("{2150E333-8FDC-42A3-9474-1A3956D46DE8}") = "Tests", "Tests", "{A29EE768-2A46-45FE-8C49-D78D71A7AE46}"
	ProjectSection(SolutionItems) = preProject
		.runsettings = .runsettings
	EndProjectSection
EndProject
Project("{9A19103F-16F7-4668-BE54-9A1E7A4F7556}") = "BmsSurvey.Domain.Tests", "BmsSurvey.Domain.Tests\BmsSurvey.Domain.Tests.csproj", "{89F6B902-17AD-4CE8-866C-95E53D1F979C}"
EndProject
Project("{9A19103F-16F7-4668-BE54-9A1E7A4F7556}") = "BmsSurvey.Application.Tests", "BmsSurvey.Application.Tests\BmsSurvey.Application.Tests.csproj", "{6760D3EF-6103-4842-B52D-1A244A5AE54D}"
EndProject
Global
	GlobalSection(SolutionConfigurationPlatforms) = preSolution
		Debug|Any CPU = Debug|Any CPU
		Release|Any CPU = Release|Any CPU
	EndGlobalSection
	GlobalSection(ProjectConfigurationPlatforms) = postSolution
		{1301200B-A868-4E21-9DD6-BE748AF5B217}.Debug|Any CPU.ActiveCfg = Debug|Any CPU
		{1301200B-A868-4E21-9DD6-BE748AF5B217}.Debug|Any CPU.Build.0 = Debug|Any CPU
		{1301200B-A868-4E21-9DD6-BE748AF5B217}.Release|Any CPU.ActiveCfg = Release|Any CPU
		{1301200B-A868-4E21-9DD6-BE748AF5B217}.Release|Any CPU.Build.0 = Release|Any CPU
		{87633F41-A7D1-4273-BF16-F173CD495A04}.Debug|Any CPU.ActiveCfg = Debug|Any CPU
		{87633F41-A7D1-4273-BF16-F173CD495A04}.Debug|Any CPU.Build.0 = Debug|Any CPU
		{87633F41-A7D1-4273-BF16-F173CD495A04}.Release|Any CPU.ActiveCfg = Release|Any CPU
		{87633F41-A7D1-4273-BF16-F173CD495A04}.Release|Any CPU.Build.0 = Release|Any CPU
		{576E9987-F7B9-4A8D-BE9C-702C901CB2F0}.Debug|Any CPU.ActiveCfg = Debug|Any CPU
		{576E9987-F7B9-4A8D-BE9C-702C901CB2F0}.Debug|Any CPU.Build.0 = Debug|Any CPU
		{576E9987-F7B9-4A8D-BE9C-702C901CB2F0}.Release|Any CPU.ActiveCfg = Release|Any CPU
		{576E9987-F7B9-4A8D-BE9C-702C901CB2F0}.Release|Any CPU.Build.0 = Release|Any CPU
		{7BC6C3F0-27F4-491E-B011-E1018E2A41AF}.Debug|Any CPU.ActiveCfg = Debug|Any CPU
		{7BC6C3F0-27F4-491E-B011-E1018E2A41AF}.Debug|Any CPU.Build.0 = Debug|Any CPU
		{7BC6C3F0-27F4-491E-B011-E1018E2A41AF}.Release|Any CPU.ActiveCfg = Release|Any CPU
		{7BC6C3F0-27F4-491E-B011-E1018E2A41AF}.Release|Any CPU.Build.0 = Release|Any CPU
		{F2305257-8AAF-43A9-B8F0-C721C5AEB100}.Debug|Any CPU.ActiveCfg = Debug|Any CPU
		{F2305257-8AAF-43A9-B8F0-C721C5AEB100}.Debug|Any CPU.Build.0 = Debug|Any CPU
		{F2305257-8AAF-43A9-B8F0-C721C5AEB100}.Release|Any CPU.ActiveCfg = Release|Any CPU
		{F2305257-8AAF-43A9-B8F0-C721C5AEB100}.Release|Any CPU.Build.0 = Release|Any CPU
		{6820435D-60C5-494E-82F0-4BF16C3FD549}.Debug|Any CPU.ActiveCfg = Debug|Any CPU
		{6820435D-60C5-494E-82F0-4BF16C3FD549}.Debug|Any CPU.Build.0 = Debug|Any CPU
		{6820435D-60C5-494E-82F0-4BF16C3FD549}.Release|Any CPU.ActiveCfg = Release|Any CPU
		{6820435D-60C5-494E-82F0-4BF16C3FD549}.Release|Any CPU.Build.0 = Release|Any CPU
		{89F6B902-17AD-4CE8-866C-95E53D1F979C}.Debug|Any CPU.ActiveCfg = Debug|Any CPU
		{89F6B902-17AD-4CE8-866C-95E53D1F979C}.Debug|Any CPU.Build.0 = Debug|Any CPU
		{89F6B902-17AD-4CE8-866C-95E53D1F979C}.Release|Any CPU.ActiveCfg = Release|Any CPU
		{89F6B902-17AD-4CE8-866C-95E53D1F979C}.Release|Any CPU.Build.0 = Release|Any CPU
		{6760D3EF-6103-4842-B52D-1A244A5AE54D}.Debug|Any CPU.ActiveCfg = Debug|Any CPU
		{6760D3EF-6103-4842-B52D-1A244A5AE54D}.Debug|Any CPU.Build.0 = Debug|Any CPU
		{6760D3EF-6103-4842-B52D-1A244A5AE54D}.Release|Any CPU.ActiveCfg = Release|Any CPU
		{6760D3EF-6103-4842-B52D-1A244A5AE54D}.Release|Any CPU.Build.0 = Release|Any CPU
	EndGlobalSection
	GlobalSection(SolutionProperties) = preSolution
		HideSolutionNode = FALSE
	EndGlobalSection
	GlobalSection(NestedProjects) = preSolution
		{0E45168E-AB41-4F8D-BF1E-23E637755187} = {CCAEA790-D09A-4636-80EC-74B016F0C507}
		{1301200B-A868-4E21-9DD6-BE748AF5B217} = {0E45168E-AB41-4F8D-BF1E-23E637755187}
		{87633F41-A7D1-4273-BF16-F173CD495A04} = {0E45168E-AB41-4F8D-BF1E-23E637755187}
		{8A4B05D7-6BFD-4101-80FD-6DD7C7432C40} = {CCAEA790-D09A-4636-80EC-74B016F0C507}
		{576E9987-F7B9-4A8D-BE9C-702C901CB2F0} = {8A4B05D7-6BFD-4101-80FD-6DD7C7432C40}
		{7BC6C3F0-27F4-491E-B011-E1018E2A41AF} = {8A4B05D7-6BFD-4101-80FD-6DD7C7432C40}
		{9DE48111-8068-459A-A757-78153A01209E} = {CCAEA790-D09A-4636-80EC-74B016F0C507}
		{F2305257-8AAF-43A9-B8F0-C721C5AEB100} = {9DE48111-8068-459A-A757-78153A01209E}
		{64C169EA-B7D2-4996-B931-5097D95FA80D} = {CCAEA790-D09A-4636-80EC-74B016F0C507}
		{6820435D-60C5-494E-82F0-4BF16C3FD549} = {64C169EA-B7D2-4996-B931-5097D95FA80D}
		{89F6B902-17AD-4CE8-866C-95E53D1F979C} = {A29EE768-2A46-45FE-8C49-D78D71A7AE46}
		{6760D3EF-6103-4842-B52D-1A244A5AE54D} = {A29EE768-2A46-45FE-8C49-D78D71A7AE46}
	EndGlobalSection
	GlobalSection(ExtensibilityGlobals) = postSolution
		SolutionGuid = {EC7E925E-D4B6-4A3F-BCCA-3D667C537A15}
	EndGlobalSection
EndGlobal
